// !$*UTF8*$!
{
	archiveVersion = 1;
	classes = {
	};
	objectVersion = 48;
	objects = {

/* Begin PBXBuildFile section */
		CDD7DD5420238CB50049D257 /* AppDelegate.swift in Sources */ = {isa = PBXBuildFile; fileRef = CDD7DD5320238CB50049D257 /* AppDelegate.swift */; };
		CDD7DD5620238CB50049D257 /* ViewController.swift in Sources */ = {isa = PBXBuildFile; fileRef = CDD7DD5520238CB50049D257 /* ViewController.swift */; };
		CDD7DD5920238CB50049D257 /* Main.storyboard in Resources */ = {isa = PBXBuildFile; fileRef = CDD7DD5720238CB50049D257 /* Main.storyboard */; };
		CDD7DD5E20238CB50049D257 /* LaunchScreen.storyboard in Resources */ = {isa = PBXBuildFile; fileRef = CDD7DD5C20238CB50049D257 /* LaunchScreen.storyboard */; };
		CDD7DD6620238CCF0049D257 /* Assets.xcassets in Resources */ = {isa = PBXBuildFile; fileRef = CDD7DD6520238CCF0049D257 /* Assets.xcassets */; };
		CDD7DD682023B3E90049D257 /* Sound Files in Resources */ = {isa = PBXBuildFile; fileRef = CDD7DD672023B3E90049D257 /* Sound Files */; };
/* End PBXBuildFile section */

/* Begin PBXFileReference section */
		CDD7DD5020238CB50049D257 /* Darbuka.app */ = {isa = PBXFileReference; explicitFileType = wrapper.application; includeInIndex = 0; path = Darbuka.app; sourceTree = BUILT_PRODUCTS_DIR; };
		CDD7DD5320238CB50049D257 /* AppDelegate.swift */ = {isa = PBXFileReference; lastKnownFileType = sourcecode.swift; path = AppDelegate.swift; sourceTree = "<group>"; };
		CDD7DD5520238CB50049D257 /* ViewController.swift */ = {isa = PBXFileReference; lastKnownFileType = sourcecode.swift; path = ViewController.swift; sourceTree = "<group>"; };
		CDD7DD5820238CB50049D257 /* Base */ = {isa = PBXFileReference; lastKnownFileType = file.storyboard; name = Base; path = Base.lproj/Main.storyboard; sourceTree = "<group>"; };
		CDD7DD5D20238CB50049D257 /* Base */ = {isa = PBXFileReference; lastKnownFileType = file.storyboard; name = Base; path = Base.lproj/LaunchScreen.storyboard; sourceTree = "<group>"; };
		CDD7DD5F20238CB50049D257 /* Info.plist */ = {isa = PBXFileReference; lastKnownFileType = text.plist.xml; path = Info.plist; sourceTree = "<group>"; };
		CDD7DD6520238CCF0049D257 /* Assets.xcassets */ = {isa = PBXFileReference; lastKnownFileType = folder.assetcatalog; path = Assets.xcassets; sourceTree = "<group>"; };
		CDD7DD672023B3E90049D257 /* Sound Files */ = {isa = PBXFileReference; lastKnownFileType = folder; path = "Sound Files"; sourceTree = "<group>"; };
/* End PBXFileReference section */

/* Begin PBXFrameworksBuildPhase section */
		CDD7DD4D20238CB50049D257 /* Frameworks */ = {
			isa = PBXFrameworksBuildPhase;
			buildActionMask = 2147483647;
			files = (
			);
			runOnlyForDeploymentPostprocessing = 0;
		};
/* End PBXFrameworksBuildPhase section */

/* Begin PBXGroup section */
		CDD7DD4720238CB50049D257 = {
			isa = PBXGroup;
			children = (
				CDD7DD5220238CB50049D257 /* Darbuka */,
				CDD7DD5120238CB50049D257 /* Products */,
			);
			sourceTree = "<group>";
		};
		CDD7DD5120238CB50049D257 /* Products */ = {
			isa = PBXGroup;
			children = (
				CDD7DD5020238CB50049D257 /* Darbuka.app */,
			);
			name = Products;
			sourceTree = "<group>";
		};
		CDD7DD5220238CB50049D257 /* Darbuka */ = {
			isa = PBXGroup;
			children = (
				CDD7DD5320238CB50049D257 /* AppDelegate.swift */,
				CDD7DD5520238CB50049D257 /* ViewController.swift */,
				CDD7DD5720238CB50049D257 /* Main.storyboard */,
				CDD7DD6520238CCF0049D257 /* Assets.xcassets */,
				CDD7DD5C20238CB50049D257 /* LaunchScreen.storyboard */,
				CDD7DD5F20238CB50049D257 /* Info.plist */,
				CDD7DD672023B3E90049D257 /* Sound Files */,
			);
			path = Darbuka;
			sourceTree = "<group>";
		};
/* End PBXGroup section */

/* Begin PBXNativeTarget section */
		CDD7DD4F20238CB50049D257 /* Darbuka */ = {
			isa = PBXNativeTarget;
			buildConfigurationList = CDD7DD6220238CB50049D257 /* Build configuration list for PBXNativeTarget "Darbuka" */;
			buildPhases = (
				CDD7DD4C20238CB50049D257 /* Sources */,
				CDD7DD4D20238CB50049D257 /* Frameworks */,
				CDD7DD4E20238CB50049D257 /* Resources */,
			);
			buildRules = (
			);
			dependencies = (
			);
			name = Darbuka;
			productName = Darbuka;
			productReference = CDD7DD5020238CB50049D257 /* Darbuka.app */;
			productType = "com.apple.product-type.application";
		};
/* End PBXNativeTarget section */

/* Begin PBXProject section */
		CDD7DD4820238CB50049D257 /* Project object */ = {
			isa = PBXProject;
			attributes = {
				LastSwiftUpdateCheck = 0920;
				LastUpgradeCheck = 0920;
				ORGANIZATIONNAME = "Mariya Eggensperger";
				TargetAttributes = {
					CDD7DD4F20238CB50049D257 = {
						CreatedOnToolsVersion = 9.2;
						ProvisioningStyle = Automatic;
					};
				};
			};
			buildConfigurationList = CDD7DD4B20238CB50049D257 /* Build configuration list for PBXProject "Darbuka" */;
			compatibilityVersion = "Xcode 8.0";
			developmentRegion = en;
			hasScannedForEncodings = 0;
			knownRegions = (
				en,
				Base,
			);
			mainGroup = CDD7DD4720238CB50049D257;
			productRefGroup = CDD7DD5120238CB50049D257 /* Products */;
			projectDirPath = "";
			projectRoot = "";
			targets = (
				CDD7DD4F20238CB50049D257 /* Darbuka */,
			);
		};
/* End PBXProject section */

/* Begin PBXResourcesBuildPhase section */
		CDD7DD4E20238CB50049D257 /* Resources */ = {
			isa = PBXResourcesBuildPhase;
			buildActionMask = 2147483647;
			files = (
				CDD7DD5E20238CB50049D257 /* LaunchScreen.storyboard in Resources */,
				CDD7DD6620238CCF0049D257 /* Assets.xcassets in Resources */,
				CDD7DD5920238CB50049D257 /* Main.storyboard in Resources */,
				CDD7DD682023B3E90049D257 /* Sound Files in Resources */,
			);
			runOnlyForDeploymentPostprocessing = 0;
		};
/* End PBXResourcesBuildPhase section */

/* Begin PBXSourcesBuildPhase section */
		CDD7DD4C20238CB50049D257 /* Sources */ = {
			isa = PBXSourcesBuildPhase;
			buildActionMask = 2147483647;
			files = (
				CDD7DD5620238CB50049D257 /* ViewController.swift in Sources */,
				CDD7DD5420238CB50049D257 /* AppDelegate.swift in Sources */,
			);
			runOnlyForDeploymentPostprocessing = 0;
		};
/* End PBXSourcesBuildPhase section */

/* Begin PBXVariantGroup section */
		CDD7DD5720238CB50049D257 /* Main.storyboard */ = {
			isa = PBXVariantGroup;
			children = (
				CDD7DD5820238CB50049D257 /* Base */,
			);
			name = Main.storyboard;
			sourceTree = "<group>";
		};
		CDD7DD5C20238CB50049D257 /* LaunchScreen.storyboard */ = {
			isa = PBXVariantGroup;
			children = (
				CDD7DD5D20238CB50049D257 /* Base */,
			);
			name = LaunchScreen.storyboard;
			sourceTree = "<group>";
		};
/* End PBXVariantGroup section */

/* Begin XCBuildConfiguration section */
		CDD7DD6020238CB50049D257 /* Debug */ = {
			isa = XCBuildConfiguration;
			buildSettings = {
				ALWAYS_SEARCH_USER_PATHS = NO;
				CLANG_ANALYZER_NONNULL = YES;
				CLANG_ANALYZER_NUMBER_OBJECT_CONVERSION = YES_AGGRESSIVE;
				CLANG_CXX_LANGUAGE_STANDARD = "gnu++14";
				CLANG_CXX_LIBRARY = "libc++";
				CLANG_ENABLE_MODULES = YES;
				CLANG_ENABLE_OBJC_ARC = YES;
				CLANG_WARN_BLOCK_CAPTURE_AUTORELEASING = YES;
				CLANG_WARN_BOOL_CONVERSION = YES;
				CLANG_WARN_COMMA = YES;
				CLANG_WARN_CONSTANT_CONVERSION = YES;
				CLANG_WARN_DIRECT_OBJC_ISA_USAGE = YES_ERROR;
				CLANG_WARN_DOCUMENTATION_COMMENTS = YES;
				CLANG_WARN_EMPTY_BODY = YES;
				CLANG_WARN_ENUM_CONVERSION = YES;
				CLANG_WARN_INFINITE_RECURSION = YES;
				CLANG_WARN_INT_CONVERSION = YES;
				CLANG_WARN_NON_LITERAL_NULL_CONVERSION = YES;
				CLANG_WARN_OBJC_LITERAL_CONVERSION = YES;
				CLANG_WARN_OBJC_ROOT_CLASS = YES_ERROR;
				CLANG_WARN_RANGE_LOOP_ANALYSIS = YES;
				CLANG_WARN_STRICT_PROTOTYPES = YES;
				CLANG_WARN_SUSPICIOUS_MOVE = YES;
				CLANG_WARN_UNGUARDED_AVAILABILITY = YES_AGGRESSIVE;
				CLANG_WARN_UNREACHABLE_CODE = YES;
				CLANG_WARN__DUPLICATE_METHOD_MATCH = YES;
				CODE_SIGN_IDENTITY = "iPhone Developer";
				COPY_PHASE_STRIP = NO;
				DEBUG_INFORMATION_FORMAT = dwarf;
				ENABLE_STRICT_OBJC_MSGSEND = YES;
				ENABLE_TESTABILITY = YES;
				GCC_C_LANGUAGE_STANDARD = gnu11;
				GCC_DYNAMIC_NO_PIC = NO;
				GCC_NO_COMMON_BLOCKS = YES;
				GCC_OPTIMIZATION_LEVEL = 0;
				GCC_PREPROCESSOR_DEFINITIONS = (
					"DEBUG=1",
					"$(inherited)",
				);
				GCC_WARN_64_TO_32_BIT_CONVERSION = YES;
				GCC_WARN_ABOUT_RETURN_TYPE = YES_ERROR;
				GCC_WARN_UNDECLARED_SELECTOR = YES;
				GCC_WARN_UNINITIALIZED_AUTOS = YES_AGGRESSIVE;
				GCC_WARN_UNUSED_FUNCTION = YES;
				GCC_WARN_UNUSED_VARIABLE = YES;
				IPHONEOS_DEPLOYMENT_TARGET = 11.2;
				MTL_ENABLE_DEBUG_INFO = YES;
				ONLY_ACTIVE_ARCH = YES;
				SDKROOT = iphoneos;
				SWIFT_ACTIVE_COMPILATION_CONDITIONS = DEBUG;
				SWIFT_OPTIMIZATION_LEVEL = "-Onone";
			};
			name = Debug;
		};
		CDD7DD6120238CB50049D257 /* Release */ = {
			isa = XCBuildConfiguration;
			buildSettings = {
				ALWAYS_SEARCH_USER_PATHS = NO;
				CLANG_ANALYZER_NONNULL = YES;
				CLANG_ANALYZER_NUMBER_OBJECT_CONVERSION = YES_AGGRESSIVE;
				CLANG_CXX_LANGUAGE_STANDARD = "gnu++14";
				CLANG_CXX_LIBRARY = "libc++";
				CLANG_ENABLE_MODULES = YES;
				CLANG_ENABLE_OBJC_ARC = YES;
				CLANG_WARN_BLOCK_CAPTURE_AUTORELEASING = YES;
				CLANG_WARN_BOOL_CONVERSION = YES;
				CLANG_WARN_COMMA = YES;
				CLANG_WARN_CONSTANT_CONVERSION = YES;
				CLANG_WARN_DIRECT_OBJC_ISA_USAGE = YES_ERROR;
				CLANG_WARN_DOCUMENTATION_COMMENTS = YES;
				CLANG_WARN_EMPTY_BODY = YES;
				CLANG_WARN_ENUM_CONVERSION = YES;
				CLANG_WARN_INFINITE_RECURSION = YES;
				CLANG_WARN_INT_CONVERSION = YES;
				CLANG_WARN_NON_LITERAL_NULL_CONVERSION = YES;
				CLANG_WARN_OBJC_LITERAL_CONVERSION = YES;
				CLANG_WARN_OBJC_ROOT_CLASS = YES_ERROR;
				CLANG_WARN_RANGE_LOOP_ANALYSIS = YES;
				CLANG_WARN_STRICT_PROTOTYPES = YES;
				CLANG_WARN_SUSPICIOUS_MOVE = YES;
				CLANG_WARN_UNGUARDED_AVAILABILITY = YES_AGGRESSIVE;
				CLANG_WARN_UNREACHABLE_CODE = YES;
				CLANG_WARN__DUPLICATE_METHOD_MATCH = YES;
				CODE_SIGN_IDENTITY = "iPhone Developer";
				COPY_PHASE_STRIP = NO;
				DEBUG_INFORMATION_FORMAT = "dwarf-with-dsym";
				ENABLE_NS_ASSERTIONS = NO;
				ENABLE_STRICT_OBJC_MSGSEND = YES;
				GCC_C_LANGUAGE_STANDARD = gnu11;
				GCC_NO_COMMON_BLOCKS = YES;
				GCC_WARN_64_TO_32_BIT_CONVERSION = YES;
				GCC_WARN_ABOUT_RETURN_TYPE = YES_ERROR;
				GCC_WARN_UNDECLARED_SELECTOR = YES;
				GCC_WARN_UNINITIALIZED_AUTOS = YES_AGGRESSIVE;
				GCC_WARN_UNUSED_FUNCTION = YES;
				GCC_WARN_UNUSED_VARIABLE = YES;
				IPHONEOS_DEPLOYMENT_TARGET = 11.2;
				MTL_ENABLE_DEBUG_INFO = NO;
				SDKROOT = iphoneos;
				SWIFT_OPTIMIZATION_LEVEL = "-Owholemodule";
				VALIDATE_PRODUCT = YES;
			};
			name = Release;
		};
		CDD7DD6320238CB50049D257 /* Debug */ = {
			isa = XCBuildConfiguration;
			buildSettings = {
				ASSETCATALOG_COMPILER_APPICON_NAME = AppIcon;
				CODE_SIGN_STYLE = Automatic;
				DEVELOPMENT_TEAM = 43RAP2A4D4;
				INFOPLIST_FILE = Darbuka/Info.plist;
				IPHONEOS_DEPLOYMENT_TARGET = 10.0;
				LD_RUNPATH_SEARCH_PATHS = "$(inherited) @executable_path/Frameworks";
				PRODUCT_BUNDLE_IDENTIFIER = com.mariyaeggensperger.Darbuka;
				PRODUCT_NAME = "$(TARGET_NAME)";
				SWIFT_VERSION = 4.0;
				TARGETED_DEVICE_FAMILY = 1;
			};
			name = Debug;
		};
		CDD7DD6420238CB50049D257 /* Release */ = {
			isa = XCBuildConfiguration;
			buildSettings = {
				ASSETCATALOG_COMPILER_APPICON_NAME = AppIcon;
				CODE_SIGN_STYLE = Automatic;
				DEVELOPMENT_TEAM = 43RAP2A4D4;
				INFOPLIST_FILE = Darbuka/Info.plist;
				IPHONEOS_DEPLOYMENT_TARGET = 10.0;
				LD_RUNPATH_SEARCH_PATHS = "$(inherited) @executable_path/Frameworks";
				PRODUCT_BUNDLE_IDENTIFIER = com.mariyaeggensperger.Darbuka;
				PRODUCT_NAME = "$(TARGET_NAME)";
				SWIFT_VERSION = 4.0;
				TARGETED_DEVICE_FAMILY = 1;
			};
			name = Release;
		};
/* End XCBuildConfiguration section */

/* Begin XCConfigurationList section */
		CDD7DD4B20238CB50049D257 /* Build configuration list for PBXProject "Darbuka" */ = {
			isa = XCConfigurationList;
			buildConfigurations = (
				CDD7DD6020238CB50049D257 /* Debug */,
				CDD7DD6120238CB50049D257 /* Release */,
			);
			defaultConfigurationIsVisible = 0;
			defaultConfigurationName = Release;
		};
		CDD7DD6220238CB50049D257 /* Build configuration list for PBXNativeTarget "Darbuka" */ = {
			isa = XCConfigurationList;
			buildConfigurations = (
				CDD7DD6320238CB50049D257 /* Debug */,
				CDD7DD6420238CB50049D257 /* Release */,
			);
			defaultConfigurationIsVisible = 0;
			defaultConfigurationName = Release;
		};
/* End XCConfigurationList section */
	};
	rootObject = CDD7DD4820238CB50049D257 /* Project object */;
}
